// !$*UTF8*$!
{
	archiveVersion = 1;
	classes = {
	};
	objectVersion = 46;
	objects = {

/* Begin PBXBuildFile section */
		E489E9841BD5D98A006187F5 /* main.m in Sources */ = {isa = PBXBuildFile; fileRef = E489E9831BD5D98A006187F5 /* main.m */; };
		E489E9871BD5D98A006187F5 /* AppDelegate.m in Sources */ = {isa = PBXBuildFile; fileRef = E489E9861BD5D98A006187F5 /* AppDelegate.m */; };
		E489E98A1BD5D98A006187F5 /* ViewController.m in Sources */ = {isa = PBXBuildFile; fileRef = E489E9891BD5D98A006187F5 /* ViewController.m */; };
		E489E98D1BD5D98A006187F5 /* Main.storyboard in Resources */ = {isa = PBXBuildFile; fileRef = E489E98B1BD5D98A006187F5 /* Main.storyboard */; };
		E489E98F1BD5D98A006187F5 /* Assets.xcassets in Resources */ = {isa = PBXBuildFile; fileRef = E489E98E1BD5D98A006187F5 /* Assets.xcassets */; };
		E489E9921BD5D98A006187F5 /* LaunchScreen.storyboard in Resources */ = {isa = PBXBuildFile; fileRef = E489E9901BD5D98A006187F5 /* LaunchScreen.storyboard */; };
		E489E99D1BD5D98A006187F5 /* PPTranslatorTests.m in Sources */ = {isa = PBXBuildFile; fileRef = E489E99C1BD5D98A006187F5 /* PPTranslatorTests.m */; };
		E489E9A81BD5D98A006187F5 /* PPTranslatorUITests.m in Sources */ = {isa = PBXBuildFile; fileRef = E489E9A71BD5D98A006187F5 /* PPTranslatorUITests.m */; };
		E4C30ADE1BD60AB10069170F /* PPTranslator.m in Sources */ = {isa = PBXBuildFile; fileRef = E4C30ADD1BD60AB10069170F /* PPTranslator.m */; settings = {ASSET_TAGS = (); }; };
		E4FE32651BD61BD1007329D8 /* PPPinyin.plist in Resources */ = {isa = PBXBuildFile; fileRef = E4FE32641BD61BD1007329D8 /* PPPinyin.plist */; settings = {ASSET_TAGS = (); }; };
/* End PBXBuildFile section */

/* Begin PBXContainerItemProxy section */
		E489E9991BD5D98A006187F5 /* PBXContainerItemProxy */ = {
			isa = PBXContainerItemProxy;
			containerPortal = E489E9771BD5D98A006187F5 /* Project object */;
			proxyType = 1;
			remoteGlobalIDString = E489E97E1BD5D98A006187F5;
			remoteInfo = PPTranslator;
		};
		E489E9A41BD5D98A006187F5 /* PBXContainerItemProxy */ = {
			isa = PBXContainerItemProxy;
			containerPortal = E489E9771BD5D98A006187F5 /* Project object */;
			proxyType = 1;
			remoteGlobalIDString = E489E97E1BD5D98A006187F5;
			remoteInfo = PPTranslator;
		};
/* End PBXContainerItemProxy section */

/* Begin PBXFileReference section */
		E489E97F1BD5D98A006187F5 /* PPTranslator.app */ = {isa = PBXFileReference; explicitFileType = wrapper.application; includeInIndex = 0; path = PPTranslator.app; sourceTree = BUILT_PRODUCTS_DIR; };
		E489E9831BD5D98A006187F5 /* main.m */ = {isa = PBXFileReference; lastKnownFileType = sourcecode.c.objc; path = main.m; sourceTree = "<group>"; };
		E489E9851BD5D98A006187F5 /* AppDelegate.h */ = {isa = PBXFileReference; lastKnownFileType = sourcecode.c.h; path = AppDelegate.h; sourceTree = "<group>"; };
		E489E9861BD5D98A006187F5 /* AppDelegate.m */ = {isa = PBXFileReference; lastKnownFileType = sourcecode.c.objc; path = AppDelegate.m; sourceTree = "<group>"; };
		E489E9881BD5D98A006187F5 /* ViewController.h */ = {isa = PBXFileReference; lastKnownFileType = sourcecode.c.h; path = ViewController.h; sourceTree = "<group>"; };
		E489E9891BD5D98A006187F5 /* ViewController.m */ = {isa = PBXFileReference; lastKnownFileType = sourcecode.c.objc; path = ViewController.m; sourceTree = "<group>"; };
		E489E98C1BD5D98A006187F5 /* Base */ = {isa = PBXFileReference; lastKnownFileType = file.storyboard; name = Base; path = Base.lproj/Main.storyboard; sourceTree = "<group>"; };
		E489E98E1BD5D98A006187F5 /* Assets.xcassets */ = {isa = PBXFileReference; lastKnownFileType = folder.assetcatalog; path = Assets.xcassets; sourceTree = "<group>"; };
		E489E9911BD5D98A006187F5 /* Base */ = {isa = PBXFileReference; lastKnownFileType = file.storyboard; name = Base; path = Base.lproj/LaunchScreen.storyboard; sourceTree = "<group>"; };
		E489E9931BD5D98A006187F5 /* Info.plist */ = {isa = PBXFileReference; lastKnownFileType = text.plist.xml; path = Info.plist; sourceTree = "<group>"; };
		E489E9981BD5D98A006187F5 /* PPTranslatorTests.xctest */ = {isa = PBXFileReference; explicitFileType = wrapper.cfbundle; includeInIndex = 0; path = PPTranslatorTests.xctest; sourceTree = BUILT_PRODUCTS_DIR; };
		E489E99C1BD5D98A006187F5 /* PPTranslatorTests.m */ = {isa = PBXFileReference; lastKnownFileType = sourcecode.c.objc; path = PPTranslatorTests.m; sourceTree = "<group>"; };
		E489E99E1BD5D98A006187F5 /* Info.plist */ = {isa = PBXFileReference; lastKnownFileType = text.plist.xml; path = Info.plist; sourceTree = "<group>"; };
		E489E9A31BD5D98A006187F5 /* PPTranslatorUITests.xctest */ = {isa = PBXFileReference; explicitFileType = wrapper.cfbundle; includeInIndex = 0; path = PPTranslatorUITests.xctest; sourceTree = BUILT_PRODUCTS_DIR; };
		E489E9A71BD5D98A006187F5 /* PPTranslatorUITests.m */ = {isa = PBXFileReference; lastKnownFileType = sourcecode.c.objc; path = PPTranslatorUITests.m; sourceTree = "<group>"; };
		E489E9A91BD5D98A006187F5 /* Info.plist */ = {isa = PBXFileReference; lastKnownFileType = text.plist.xml; path = Info.plist; sourceTree = "<group>"; };
		E4C30ADC1BD60AB10069170F /* PPTranslator.h */ = {isa = PBXFileReference; fileEncoding = 4; lastKnownFileType = sourcecode.c.h; path = PPTranslator.h; sourceTree = "<group>"; };
		E4C30ADD1BD60AB10069170F /* PPTranslator.m */ = {isa = PBXFileReference; fileEncoding = 4; lastKnownFileType = sourcecode.c.objc; path = PPTranslator.m; sourceTree = "<group>"; };
		E4FE32641BD61BD1007329D8 /* PPPinyin.plist */ = {isa = PBXFileReference; fileEncoding = 4; lastKnownFileType = text.plist.xml; path = PPPinyin.plist; sourceTree = "<group>"; };
/* End PBXFileReference section */

/* Begin PBXFrameworksBuildPhase section */
		E489E97C1BD5D98A006187F5 /* Frameworks */ = {
			isa = PBXFrameworksBuildPhase;
			buildActionMask = 2147483647;
			files = (
			);
			runOnlyForDeploymentPostprocessing = 0;
		};
		E489E9951BD5D98A006187F5 /* Frameworks */ = {
			isa = PBXFrameworksBuildPhase;
			buildActionMask = 2147483647;
			files = (
			);
			runOnlyForDeploymentPostprocessing = 0;
		};
		E489E9A01BD5D98A006187F5 /* Frameworks */ = {
			isa = PBXFrameworksBuildPhase;
			buildActionMask = 2147483647;
			files = (
			);
			runOnlyForDeploymentPostprocessing = 0;
		};
/* End PBXFrameworksBuildPhase section */

/* Begin PBXGroup section */
		E489E9761BD5D98A006187F5 = {
			isa = PBXGroup;
			children = (
				E489E9811BD5D98A006187F5 /* PPTranslator */,
				E489E99B1BD5D98A006187F5 /* PPTranslatorTests */,
				E489E9A61BD5D98A006187F5 /* PPTranslatorUITests */,
				E489E9801BD5D98A006187F5 /* Products */,
			);
			sourceTree = "<group>";
		};
		E489E9801BD5D98A006187F5 /* Products */ = {
			isa = PBXGroup;
			children = (
				E489E97F1BD5D98A006187F5 /* PPTranslator.app */,
				E489E9981BD5D98A006187F5 /* PPTranslatorTests.xctest */,
				E489E9A31BD5D98A006187F5 /* PPTranslatorUITests.xctest */,
			);
			name = Products;
			sourceTree = "<group>";
		};
		E489E9811BD5D98A006187F5 /* PPTranslator */ = {
			isa = PBXGroup;
			children = (
				E4C30ADA1BD60AB10069170F /* PPTranslator */,
				E489E9851BD5D98A006187F5 /* AppDelegate.h */,
				E489E9861BD5D98A006187F5 /* AppDelegate.m */,
				E489E9881BD5D98A006187F5 /* ViewController.h */,
				E489E9891BD5D98A006187F5 /* ViewController.m */,
				E489E98B1BD5D98A006187F5 /* Main.storyboard */,
				E489E98E1BD5D98A006187F5 /* Assets.xcassets */,
				E489E9901BD5D98A006187F5 /* LaunchScreen.storyboard */,
				E489E9931BD5D98A006187F5 /* Info.plist */,
				E489E9821BD5D98A006187F5 /* Supporting Files */,
			);
			path = PPTranslator;
			sourceTree = "<group>";
		};
		E489E9821BD5D98A006187F5 /* Supporting Files */ = {
			isa = PBXGroup;
			children = (
				E489E9831BD5D98A006187F5 /* main.m */,
			);
			name = "Supporting Files";
			sourceTree = "<group>";
		};
		E489E99B1BD5D98A006187F5 /* PPTranslatorTests */ = {
			isa = PBXGroup;
			children = (
				E489E99C1BD5D98A006187F5 /* PPTranslatorTests.m */,
				E489E99E1BD5D98A006187F5 /* Info.plist */,
			);
			path = PPTranslatorTests;
			sourceTree = "<group>";
		};
		E489E9A61BD5D98A006187F5 /* PPTranslatorUITests */ = {
			isa = PBXGroup;
			children = (
				E489E9A71BD5D98A006187F5 /* PPTranslatorUITests.m */,
				E489E9A91BD5D98A006187F5 /* Info.plist */,
			);
			path = PPTranslatorUITests;
			sourceTree = "<group>";
		};
		E4C30ADA1BD60AB10069170F /* PPTranslator */ = {
			isa = PBXGroup;
			children = (
				E4FE32641BD61BD1007329D8 /* PPPinyin.plist */,
				E4C30ADC1BD60AB10069170F /* PPTranslator.h */,
				E4C30ADD1BD60AB10069170F /* PPTranslator.m */,
			);
			path = PPTranslator;
			sourceTree = "<group>";
		};
/* End PBXGroup section */

/* Begin PBXNativeTarget section */
		E489E97E1BD5D98A006187F5 /* PPTranslator */ = {
			isa = PBXNativeTarget;
			buildConfigurationList = E489E9AC1BD5D98A006187F5 /* Build configuration list for PBXNativeTarget "PPTranslator" */;
			buildPhases = (
				E489E97B1BD5D98A006187F5 /* Sources */,
				E489E97C1BD5D98A006187F5 /* Frameworks */,
				E489E97D1BD5D98A006187F5 /* Resources */,
			);
			buildRules = (
			);
			dependencies = (
			);
			name = PPTranslator;
			productName = PPTranslator;
			productReference = E489E97F1BD5D98A006187F5 /* PPTranslator.app */;
			productType = "com.apple.product-type.application";
		};
		E489E9971BD5D98A006187F5 /* PPTranslatorTests */ = {
			isa = PBXNativeTarget;
			buildConfigurationList = E489E9AF1BD5D98A006187F5 /* Build configuration list for PBXNativeTarget "PPTranslatorTests" */;
			buildPhases = (
				E489E9941BD5D98A006187F5 /* Sources */,
				E489E9951BD5D98A006187F5 /* Frameworks */,
				E489E9961BD5D98A006187F5 /* Resources */,
			);
			buildRules = (
			);
			dependencies = (
				E489E99A1BD5D98A006187F5 /* PBXTargetDependency */,
			);
			name = PPTranslatorTests;
			productName = PPTranslatorTests;
			productReference = E489E9981BD5D98A006187F5 /* PPTranslatorTests.xctest */;
			productType = "com.apple.product-type.bundle.unit-test";
		};
		E489E9A21BD5D98A006187F5 /* PPTranslatorUITests */ = {
			isa = PBXNativeTarget;
			buildConfigurationList = E489E9B21BD5D98A006187F5 /* Build configuration list for PBXNativeTarget "PPTranslatorUITests" */;
			buildPhases = (
				E489E99F1BD5D98A006187F5 /* Sources */,
				E489E9A01BD5D98A006187F5 /* Frameworks */,
				E489E9A11BD5D98A006187F5 /* Resources */,
			);
			buildRules = (
			);
			dependencies = (
				E489E9A51BD5D98A006187F5 /* PBXTargetDependency */,
			);
			name = PPTranslatorUITests;
			productName = PPTranslatorUITests;
			productReference = E489E9A31BD5D98A006187F5 /* PPTranslatorUITests.xctest */;
			productType = "com.apple.product-type.bundle.ui-testing";
		};
/* End PBXNativeTarget section */

/* Begin PBXProject section */
		E489E9771BD5D98A006187F5 /* Project object */ = {
			isa = PBXProject;
			attributes = {
				LastUpgradeCheck = 0700;
				ORGANIZATIONNAME = StarNet;
				TargetAttributes = {
					E489E97E1BD5D98A006187F5 = {
						CreatedOnToolsVersion = 7.0.1;
					};
					E489E9971BD5D98A006187F5 = {
						CreatedOnToolsVersion = 7.0.1;
						TestTargetID = E489E97E1BD5D98A006187F5;
					};
					E489E9A21BD5D98A006187F5 = {
						CreatedOnToolsVersion = 7.0.1;
						TestTargetID = E489E97E1BD5D98A006187F5;
					};
				};
			};
			buildConfigurationList = E489E97A1BD5D98A006187F5 /* Build configuration list for PBXProject "PPTranslator" */;
			compatibilityVersion = "Xcode 3.2";
			developmentRegion = English;
			hasScannedForEncodings = 0;
			knownRegions = (
				en,
				Base,
			);
			mainGroup = E489E9761BD5D98A006187F5;
			productRefGroup = E489E9801BD5D98A006187F5 /* Products */;
			projectDirPath = "";
			projectRoot = "";
			targets = (
				E489E97E1BD5D98A006187F5 /* PPTranslator */,
				E489E9971BD5D98A006187F5 /* PPTranslatorTests */,
				E489E9A21BD5D98A006187F5 /* PPTranslatorUITests */,
			);
		};
/* End PBXProject section */

/* Begin PBXResourcesBuildPhase section */
		E489E97D1BD5D98A006187F5 /* Resources */ = {
			isa = PBXResourcesBuildPhase;
			buildActionMask = 2147483647;
			files = (
				E489E9921BD5D98A006187F5 /* LaunchScreen.storyboard in Resources */,
				E489E98F1BD5D98A006187F5 /* Assets.xcassets in Resources */,
				E489E98D1BD5D98A006187F5 /* Main.storyboard in Resources */,
				E4FE32651BD61BD1007329D8 /* PPPinyin.plist in Resources */,
			);
			runOnlyForDeploymentPostprocessing = 0;
		};
		E489E9961BD5D98A006187F5 /* Resources */ = {
			isa = PBXResourcesBuildPhase;
			buildActionMask = 2147483647;
			files = (
			);
			runOnlyForDeploymentPostprocessing = 0;
		};
		E489E9A11BD5D98A006187F5 /* Resources */ = {
			isa = PBXResourcesBuildPhase;
			buildActionMask = 2147483647;
			files = (
			);
			runOnlyForDeploymentPostprocessing = 0;
		};
/* End PBXResourcesBuildPhase section */

/* Begin PBXSourcesBuildPhase section */
		E489E97B1BD5D98A006187F5 /* Sources */ = {
			isa = PBXSourcesBuildPhase;
			buildActionMask = 2147483647;
			files = (
				E489E98A1BD5D98A006187F5 /* ViewController.m in Sources */,
				E489E9871BD5D98A006187F5 /* AppDelegate.m in Sources */,
				E489E9841BD5D98A006187F5 /* main.m in Sources */,
				E4C30ADE1BD60AB10069170F /* PPTranslator.m in Sources */,
			);
			runOnlyForDeploymentPostprocessing = 0;
		};
		E489E9941BD5D98A006187F5 /* Sources */ = {
			isa = PBXSourcesBuildPhase;
			buildActionMask = 2147483647;
			files = (
				E489E99D1BD5D98A006187F5 /* PPTranslatorTests.m in Sources */,
			);
			runOnlyForDeploymentPostprocessing = 0;
		};
		E489E99F1BD5D98A006187F5 /* Sources */ = {
			isa = PBXSourcesBuildPhase;
			buildActionMask = 2147483647;
			files = (
				E489E9A81BD5D98A006187F5 /* PPTranslatorUITests.m in Sources */,
			);
			runOnlyForDeploymentPostprocessing = 0;
		};
/* End PBXSourcesBuildPhase section */

/* Begin PBXTargetDependency section */
		E489E99A1BD5D98A006187F5 /* PBXTargetDependency */ = {
			isa = PBXTargetDependency;
			target = E489E97E1BD5D98A006187F5 /* PPTranslator */;
			targetProxy = E489E9991BD5D98A006187F5 /* PBXContainerItemProxy */;
		};
		E489E9A51BD5D98A006187F5 /* PBXTargetDependency */ = {
			isa = PBXTargetDependency;
			target = E489E97E1BD5D98A006187F5 /* PPTranslator */;
			targetProxy = E489E9A41BD5D98A006187F5 /* PBXContainerItemProxy */;
		};
/* End PBXTargetDependency section */

/* Begin PBXVariantGroup section */
		E489E98B1BD5D98A006187F5 /* Main.storyboard */ = {
			isa = PBXVariantGroup;
			children = (
				E489E98C1BD5D98A006187F5 /* Base */,
			);
			name = Main.storyboard;
			sourceTree = "<group>";
		};
		E489E9901BD5D98A006187F5 /* LaunchScreen.storyboard */ = {
			isa = PBXVariantGroup;
			children = (
				E489E9911BD5D98A006187F5 /* Base */,
			);
			name = LaunchScreen.storyboard;
			sourceTree = "<group>";
		};
/* End PBXVariantGroup section */

/* Begin XCBuildConfiguration section */
		E489E9AA1BD5D98A006187F5 /* Debug */ = {
			isa = XCBuildConfiguration;
			buildSettings = {
				ALWAYS_SEARCH_USER_PATHS = NO;
				CLANG_CXX_LANGUAGE_STANDARD = "gnu++0x";
				CLANG_CXX_LIBRARY = "libc++";
				CLANG_ENABLE_MODULES = YES;
				CLANG_ENABLE_OBJC_ARC = YES;
				CLANG_WARN_BOOL_CONVERSION = YES;
				CLANG_WARN_CONSTANT_CONVERSION = YES;
				CLANG_WARN_DIRECT_OBJC_ISA_USAGE = YES_ERROR;
				CLANG_WARN_EMPTY_BODY = YES;
				CLANG_WARN_ENUM_CONVERSION = YES;
				CLANG_WARN_INT_CONVERSION = YES;
				CLANG_WARN_OBJC_ROOT_CLASS = YES_ERROR;
				CLANG_WARN_UNREACHABLE_CODE = YES;
				CLANG_WARN__DUPLICATE_METHOD_MATCH = YES;
				"CODE_SIGN_IDENTITY[sdk=iphoneos*]" = "iPhone Developer";
				COPY_PHASE_STRIP = NO;
				DEBUG_INFORMATION_FORMAT = dwarf;
				ENABLE_STRICT_OBJC_MSGSEND = YES;
				ENABLE_TESTABILITY = YES;
				GCC_C_LANGUAGE_STANDARD = gnu99;
				GCC_DYNAMIC_NO_PIC = NO;
				GCC_NO_COMMON_BLOCKS = YES;
				GCC_OPTIMIZATION_LEVEL = 0;
				GCC_PREPROCESSOR_DEFINITIONS = (
					"DEBUG=1",
					"$(inherited)",
				);
				GCC_WARN_64_TO_32_BIT_CONVERSION = YES;
				GCC_WARN_ABOUT_RETURN_TYPE = YES_ERROR;
				GCC_WARN_UNDECLARED_SELECTOR = YES;
				GCC_WARN_UNINITIALIZED_AUTOS = YES_AGGRESSIVE;
				GCC_WARN_UNUSED_FUNCTION = YES;
				GCC_WARN_UNUSED_VARIABLE = YES;
				IPHONEOS_DEPLOYMENT_TARGET = 9.0;
				MTL_ENABLE_DEBUG_INFO = YES;
				ONLY_ACTIVE_ARCH = YES;
				SDKROOT = iphoneos;
			};
			name = Debug;
		};
		E489E9AB1BD5D98A006187F5 /* Release */ = {
			isa = XCBuildConfiguration;
			buildSettings = {
				ALWAYS_SEARCH_USER_PATHS = NO;
				CLANG_CXX_LANGUAGE_STANDARD = "gnu++0x";
				CLANG_CXX_LIBRARY = "libc++";
				CLANG_ENABLE_MODULES = YES;
				CLANG_ENABLE_OBJC_ARC = YES;
				CLANG_WARN_BOOL_CONVERSION = YES;
				CLANG_WARN_CONSTANT_CONVERSION = YES;
				CLANG_WARN_DIRECT_OBJC_ISA_USAGE = YES_ERROR;
				CLANG_WARN_EMPTY_BODY = YES;
				CLANG_WARN_ENUM_CONVERSION = YES;
				CLANG_WARN_INT_CONVERSION = YES;
				CLANG_WARN_OBJC_ROOT_CLASS = YES_ERROR;
				CLANG_WARN_UNREACHABLE_CODE = YES;
				CLANG_WARN__DUPLICATE_METHOD_MATCH = YES;
				"CODE_SIGN_IDENTITY[sdk=iphoneos*]" = "iPhone Developer";
				COPY_PHASE_STRIP = NO;
				DEBUG_INFORMATION_FORMAT = "dwarf-with-dsym";
				ENABLE_NS_ASSERTIONS = NO;
				ENABLE_STRICT_OBJC_MSGSEND = YES;
				GCC_C_LANGUAGE_STANDARD = gnu99;
				GCC_NO_COMMON_BLOCKS = YES;
				GCC_WARN_64_TO_32_BIT_CONVERSION = YES;
				GCC_WARN_ABOUT_RETURN_TYPE = YES_ERROR;
				GCC_WARN_UNDECLARED_SELECTOR = YES;
				GCC_WARN_UNINITIALIZED_AUTOS = YES_AGGRESSIVE;
				GCC_WARN_UNUSED_FUNCTION = YES;
				GCC_WARN_UNUSED_VARIABLE = YES;
				IPHONEOS_DEPLOYMENT_TARGET = 9.0;
				MTL_ENABLE_DEBUG_INFO = NO;
				SDKROOT = iphoneos;
				VALIDATE_PRODUCT = YES;
			};
			name = Release;
		};
		E489E9AD1BD5D98A006187F5 /* Debug */ = {
			isa = XCBuildConfiguration;
			buildSettings = {
				ASSETCATALOG_COMPILER_APPICON_NAME = AppIcon;
				INFOPLIST_FILE = PPTranslator/Info.plist;
				LD_RUNPATH_SEARCH_PATHS = "$(inherited) @executable_path/Frameworks";
				PRODUCT_BUNDLE_IDENTIFIER = eVideo.PPTranslator;
				PRODUCT_NAME = "$(TARGET_NAME)";
			};
			name = Debug;
		};
		E489E9AE1BD5D98A006187F5 /* Release */ = {
			isa = XCBuildConfiguration;
			buildSettings = {
				ASSETCATALOG_COMPILER_APPICON_NAME = AppIcon;
				INFOPLIST_FILE = PPTranslator/Info.plist;
				LD_RUNPATH_SEARCH_PATHS = "$(inherited) @executable_path/Frameworks";
				PRODUCT_BUNDLE_IDENTIFIER = eVideo.PPTranslator;
				PRODUCT_NAME = "$(TARGET_NAME)";
			};
			name = Release;
		};
		E489E9B01BD5D98A006187F5 /* Debug */ = {
			isa = XCBuildConfiguration;
			buildSettings = {
				BUNDLE_LOADER = "$(TEST_HOST)";
				INFOPLIST_FILE = PPTranslatorTests/Info.plist;
				LD_RUNPATH_SEARCH_PATHS = "$(inherited) @executable_path/Frameworks @loader_path/Frameworks";
				PRODUCT_BUNDLE_IDENTIFIER = eVideo.PPTranslatorTests;
				PRODUCT_NAME = "$(TARGET_NAME)";
				TEST_HOST = "$(BUILT_PRODUCTS_DIR)/PPTranslator.app/PPTranslator";
			};
			name = Debug;
		};
		E489E9B11BD5D98A006187F5 /* Release */ = {
			isa = XCBuildConfiguration;
			buildSettings = {
				BUNDLE_LOADER = "$(TEST_HOST)";
				INFOPLIST_FILE = PPTranslatorTests/Info.plist;
				LD_RUNPATH_SEARCH_PATHS = "$(inherited) @executable_path/Frameworks @loader_path/Frameworks";
				PRODUCT_BUNDLE_IDENTIFIER = eVideo.PPTranslatorTests;
				PRODUCT_NAME = "$(TARGET_NAME)";
				TEST_HOST = "$(BUILT_PRODUCTS_DIR)/PPTranslator.app/PPTranslator";
			};
			name = Release;
		};
		E489E9B31BD5D98A006187F5 /* Debug */ = {
			isa = XCBuildConfiguration;
			buildSettings = {
				INFOPLIST_FILE = PPTranslatorUITests/Info.plist;
				LD_RUNPATH_SEARCH_PATHS = "$(inherited) @executable_path/Frameworks @loader_path/Frameworks";
				PRODUCT_BUNDLE_IDENTIFIER = eVideo.PPTranslatorUITests;
				PRODUCT_NAME = "$(TARGET_NAME)";
				TEST_TARGET_NAME = PPTranslator;
				USES_XCTRUNNER = YES;
			};
			name = Debug;
		};
		E489E9B41BD5D98A006187F5 /* Release */ = {
			isa = XCBuildConfiguration;
			buildSettings = {
				INFOPLIST_FILE = PPTranslatorUITests/Info.plist;
				LD_RUNPATH_SEARCH_PATHS = "$(inherited) @executable_path/Frameworks @loader_path/Frameworks";
				PRODUCT_BUNDLE_IDENTIFIER = eVideo.PPTranslatorUITests;
				PRODUCT_NAME = "$(TARGET_NAME)";
				TEST_TARGET_NAME = PPTranslator;
				USES_XCTRUNNER = YES;
			};
			name = Release;
		};
/* End XCBuildConfiguration section */

/* Begin XCConfigurationList section */
		E489E97A1BD5D98A006187F5 /* Build configuration list for PBXProject "PPTranslator" */ = {
			isa = XCConfigurationList;
			buildConfigurations = (
				E489E9AA1BD5D98A006187F5 /* Debug */,
				E489E9AB1BD5D98A006187F5 /* Release */,
			);
			defaultConfigurationIsVisible = 0;
			defaultConfigurationName = Release;
		};
		E489E9AC1BD5D98A006187F5 /* Build configuration list for PBXNativeTarget "PPTranslator" */ = {
			isa = XCConfigurationList;
			buildConfigurations = (
				E489E9AD1BD5D98A006187F5 /* Debug */,
				E489E9AE1BD5D98A006187F5 /* Release */,
			);
			defaultConfigurationIsVisible = 0;
			defaultConfigurationName = Release;
		};
		E489E9AF1BD5D98A006187F5 /* Build configuration list for PBXNativeTarget "PPTranslatorTests" */ = {
			isa = XCConfigurationList;
			buildConfigurations = (
				E489E9B01BD5D98A006187F5 /* Debug */,
				E489E9B11BD5D98A006187F5 /* Release */,
			);
			defaultConfigurationIsVisible = 0;
			defaultConfigurationName = Release;
		};
		E489E9B21BD5D98A006187F5 /* Build configuration list for PBXNativeTarget "PPTranslatorUITests" */ = {
			isa = XCConfigurationList;
			buildConfigurations = (
				E489E9B31BD5D98A006187F5 /* Debug */,
				E489E9B41BD5D98A006187F5 /* Release */,
			);
			defaultConfigurationIsVisible = 0;
			defaultConfigurationName = Release;
		};
/* End XCConfigurationList section */
	};
	rootObject = E489E9771BD5D98A006187F5 /* Project object */;
}
